[[tools.actionlint]]
version = "1.7.10"
backend = "aqua:rhysd/actionlint"
"platforms.linux-arm64" = { checksum = "sha256:cd3dfe5f66887ec6b987752d8d9614e59fd22f39415c5ad9f28374623f41773a", url = "https://github.com/rhysd/actionlint/releases/download/v1.7.10/actionlint_1.7.10_linux_arm64.tar.gz"}
"platforms.linux-x64" = { checksum = "sha256:f4c76b71db5755a713e6055cbb0857ed07e103e028bda117817660ebadb4386f", url = "https://github.com/rhysd/actionlint/releases/download/v1.7.10/actionlint_1.7.10_linux_amd64.tar.gz"}
"platforms.macos-arm64" = { checksum = "sha256:004ca87b367b37f4d75c55ab6cf80f9b8c043adbfbd440f31c604d417939c442", url = "https://github.com/rhysd/actionlint/releases/download/v1.7.10/actionlint_1.7.10_darwin_arm64.tar.gz"}
"platforms.macos-x64" = { checksum = "sha256:16782c41f2af264db80f855ee5d09164ca98fc78edf3bcd0f46eecff279682ba", url = "https://github.com/rhysd/actionlint/releases/download/v1.7.10/actionlint_1.7.10_darwin_amd64.tar.gz"}
"platforms.windows-x64" = { checksum = "sha256:283467f9d6202a8cb8c00ad8dd0ee4e685b71fb86a6a56c68fcbb9ae8ed91237", url = "https://github.com/rhysd/actionlint/releases/download/v1.7.10/actionlint_1.7.10_windows_amd64.zip"}

[[tools.bun]]
version = "1.3.5"
backend = "core:bun"
"platforms.linux-arm64" = { checksum = "sha256:ed01000f85bd97785228ad2845dc92a1860b8054856826d7317690ac8f8ee74b", url = "https://github.com/oven-sh/bun/releases/download/bun-v1.3.5/bun-linux-aarch64.zip"}
"platforms.linux-arm64-musl" = { checksum = "sha256:980b567beeca875b79776d60a35b178309583df3f0973b3bae62f7244dc486ad", url = "https://github.com/oven-sh/bun/releases/download/bun-v1.3.5/bun-linux-aarch64-musl.zip"}
"platforms.linux-x64" = { checksum = "sha256:7051d86a924aefea3e0b96213b5fd8f79c0793f9cae6534233e627e5c3db4669", url = "https://github.com/oven-sh/bun/releases/download/bun-v1.3.5/bun-linux-x64.zip"}
"platforms.linux-x64-baseline" = { checksum = "sha256:6bddacd6a65855698b9816f2d74871eda4dd0b7fa921140c6445248f94a742fd", url = "https://github.com/oven-sh/bun/releases/download/bun-v1.3.5/bun-linux-x64-baseline.zip"}
"platforms.linux-x64-musl" = { checksum = "sha256:720d88e0e5f40450a1da91c0226f626b156eaa224876d794fa95f6ebf74f46b6", url = "https://github.com/oven-sh/bun/releases/download/bun-v1.3.5/bun-linux-x64-musl.zip"}
"platforms.linux-x64-musl-baseline" = { checksum = "sha256:57997319f8b9f72ce137363c3dfcd8d401327925108bb30dc5c3257452fba524", url = "https://github.com/oven-sh/bun/releases/download/bun-v1.3.5/bun-linux-x64-musl-baseline.zip"}
"platforms.macos-arm64" = { checksum = "sha256:db17588a4aea8804856825d4bead3f05e1f37276ca606f37e369b4f72f35d3fb", url = "https://github.com/oven-sh/bun/releases/download/bun-v1.3.5/bun-darwin-aarch64.zip"}
"platforms.macos-x64" = { checksum = "sha256:f5ffc03030fe527a86295fb5852bb08c5e99b707560011d1d509ab028902bf29", url = "https://github.com/oven-sh/bun/releases/download/bun-v1.3.5/bun-darwin-x64.zip"}
"platforms.macos-x64-baseline" = { checksum = "sha256:34b9a56b851058dafa1bc9d61233f2c383aa996889bba30b3180f5ccc2cff1b2", url = "https://github.com/oven-sh/bun/releases/download/bun-v1.3.5/bun-darwin-x64-baseline.zip"}
"platforms.windows-x64" = { checksum = "sha256:922cffdd5143cd118c6ccec6a61dfcf5d69e0068b048ea00f0a0615016530082", url = "https://github.com/oven-sh/bun/releases/download/bun-v1.3.5/bun-windows-x64.zip"}
"platforms.windows-x64-baseline" = { checksum = "sha256:bf447dcc3b06aba9b9706a9db46fcd65e06a4d47d31439922313825d06eb47ca", url = "https://github.com/oven-sh/bun/releases/download/bun-v1.3.5/bun-windows-x64-baseline.zip"}

[[tools.cargo-binstall]]
version = "1.16.6"
backend = "aqua:cargo-bins/cargo-binstall"
"platforms.linux-arm64" = { checksum = "sha256:b556421835ba67fa98ca1570c85b5511457956b7836ce938b47d3f73899517a3", url = "https://github.com/cargo-bins/cargo-binstall/releases/download/v1.16.6/cargo-binstall-aarch64-unknown-linux-musl.tgz"}
"platforms.linux-x64" = { checksum = "sha256:3225eea8041c30d7462761a481883e3aa8fe31c58def4b6c8dd91b7c80973df0", url = "https://github.com/cargo-bins/cargo-binstall/releases/download/v1.16.6/cargo-binstall-x86_64-unknown-linux-musl.tgz"}
"platforms.macos-arm64" = { checksum = "sha256:30543b378b96fbddabee1edfaccde7914dd2f851f02c560de859f81a21ab665b", url = "https://github.com/cargo-bins/cargo-binstall/releases/download/v1.16.6/cargo-binstall-aarch64-apple-darwin.zip"}
"platforms.macos-x64" = { checksum = "sha256:633dc2f381f7000d8ba3c02eb24b2f290bf0154372bafe8d8094d777f129f21d", url = "https://github.com/cargo-bins/cargo-binstall/releases/download/v1.16.6/cargo-binstall-x86_64-apple-darwin.zip"}
"platforms.windows-x64" = { checksum = "sha256:fca962c3d12ae6192280111074db073c15abad3ba162a1a5a2af0f6f01872114", url = "https://github.com/cargo-bins/cargo-binstall/releases/download/v1.16.6/cargo-binstall-x86_64-pc-windows-msvc.zip"}

[[tools."cargo:cargo-audit"]]
version = "0.22.0"
backend = "cargo:cargo-audit"

[[tools."cargo:cargo-deny"]]
version = "0.19.0"
backend = "cargo:cargo-deny"

[[tools."cargo:cargo-hack"]]
version = "0.6.41"
backend = "cargo:cargo-hack"

[[tools."cargo:cargo-insta"]]
version = "1.46.0"
backend = "cargo:cargo-insta"

[[tools."cargo:cargo-llvm-cov"]]
version = "0.6.23"
backend = "cargo:cargo-llvm-cov"

[[tools."cargo:cargo-msrv"]]
version = "0.18.4"
backend = "cargo:cargo-msrv"

[[tools."cargo:cargo-nextest"]]
version = "0.9.120"
backend = "cargo:cargo-nextest"

[[tools."cargo:cargo-outdated"]]
version = "0.17.0"
backend = "cargo:cargo-outdated"

[[tools."cargo:cargo-watch"]]
version = "8.5.3"
backend = "cargo:cargo-watch"

[[tools."cargo:cbindgen"]]
version = "0.29.2"
backend = "cargo:cbindgen"

[[tools."cargo:leptosfmt"]]
version = "0.1.33"
backend = "cargo:leptosfmt"

[[tools."cargo:trunk"]]
version = "0.21.14"
backend = "cargo:trunk"

[[tools."cargo:wasm-bindgen-cli"]]
version = "0.2.106"
backend = "cargo:wasm-bindgen-cli"

[[tools."cargo:wasm-pack"]]
version = "0.13.1"
backend = "cargo:wasm-pack"

[[tools.fd]]
version = "10.3.0"
backend = "aqua:sharkdp/fd"
"platforms.linux-arm64" = { checksum = "sha256:996b9b1366433b211cb3bbedba91c9dbce2431842144d925428ead0adf32020b", url = "https://github.com/sharkdp/fd/releases/download/v10.3.0/fd-v10.3.0-aarch64-unknown-linux-musl.tar.gz"}
"platforms.linux-x64" = { checksum = "sha256:2b6bfaae8c48f12050813c2ffe1884c61ea26e750d803df9c9114550a314cd14", url = "https://github.com/sharkdp/fd/releases/download/v10.3.0/fd-v10.3.0-x86_64-unknown-linux-musl.tar.gz"}
"platforms.macos-arm64" = { checksum = "sha256:0570263812089120bc2a5d84f9e65cd0c25e4a4d724c80075c357239c74ae904", url = "https://github.com/sharkdp/fd/releases/download/v10.3.0/fd-v10.3.0-aarch64-apple-darwin.tar.gz"}
"platforms.macos-x64" = { checksum = "sha256:50d30f13fe3d5914b14c4fff5abcbd4d0cdab4b855970a6956f4f006c17117a3", url = "https://github.com/sharkdp/fd/releases/download/v10.3.0/fd-v10.3.0-x86_64-apple-darwin.tar.gz"}
"platforms.windows-x64" = { checksum = "sha256:318aa2a6fa664325933e81fda60d523fff29444129e91ebf0726b5b3bcd8b059", url = "https://github.com/sharkdp/fd/releases/download/v10.3.0/fd-v10.3.0-x86_64-pc-windows-msvc.zip"}

[[tools."github:WebAssembly/wabt"]]
version = "1.0.37"
backend = "github:WebAssembly/wabt"
"platforms.linux-arm64" = { url = "https://github.com/WebAssembly/wabt/releases/download/1.0.37/wabt-1.0.37-ubuntu-20.04.tar.gz", url_api = "https://api.github.com/repos/WebAssembly/wabt/releases/assets/234231893"}
"platforms.linux-x64" = { url = "https://github.com/WebAssembly/wabt/releases/download/1.0.37/wabt-1.0.37-ubuntu-20.04.tar.gz", url_api = "https://api.github.com/repos/WebAssembly/wabt/releases/assets/234231893"}
"platforms.macos-arm64" = { url = "https://github.com/WebAssembly/wabt/releases/download/1.0.37/wabt-1.0.37-macos-14.tar.gz", url_api = "https://api.github.com/repos/WebAssembly/wabt/releases/assets/234231869"}
"platforms.macos-x64" = { url = "https://github.com/WebAssembly/wabt/releases/download/1.0.37/wabt-1.0.37-macos-14.tar.gz", url_api = "https://api.github.com/repos/WebAssembly/wabt/releases/assets/234231869"}
"platforms.windows-x64" = { url = "https://github.com/WebAssembly/wabt/releases/download/1.0.37/wabt-1.0.37-windows.tar.gz", url_api = "https://api.github.com/repos/WebAssembly/wabt/releases/assets/234232649"}

[[tools.go]]
version = "1.25.5"
backend = "core:go"
"platforms.linux-arm64" = { checksum = "sha256:b00b694903d126c588c378e72d3545549935d3982635ba3f7a964c9fa23fe3b9", url = "https://dl.google.com/go/go1.25.5.linux-arm64.tar.gz"}
"platforms.linux-x64" = { checksum = "sha256:9e9b755d63b36acf30c12a9a3fc379243714c1c6d3dd72861da637f336ebb35b", url = "https://dl.google.com/go/go1.25.5.linux-amd64.tar.gz"}
"platforms.macos-arm64" = { checksum = "sha256:bed8ebe824e3d3b27e8471d1307f803fc6ab8e1d0eb7a4ae196979bd9b801dd3", url = "https://dl.google.com/go/go1.25.5.darwin-arm64.tar.gz"}
"platforms.macos-x64" = { checksum = "sha256:b69d51bce599e5381a94ce15263ae644ec84667a5ce23d58dc2e63e2c12a9f56", url = "https://dl.google.com/go/go1.25.5.darwin-amd64.tar.gz"}
"platforms.windows-x64" = { checksum = "sha256:ae756cce1cb80c819b4fe01b0353807178f532211b47f72d7fa77949de054ebb", url = "https://dl.google.com/go/go1.25.5.windows-amd64.zip"}

[[tools."go:github.com/google/addlicense"]]
version = "1.2.0"
backend = "go:github.com/google/addlicense"

[[tools.golangci-lint]]
version = "2.8.0"
backend = "aqua:golangci/golangci-lint"
"platforms.linux-arm64" = { checksum = "sha256:2a58388db8af5ab9330791cea0ebdd4100723cd05ad7185d92febaaee272ec9a", url = "https://github.com/golangci/golangci-lint/releases/download/v2.8.0/golangci-lint-2.8.0-linux-arm64.tar.gz"}
"platforms.linux-x64" = { checksum = "sha256:7048bc6b25c9515ed092c83f9fa8709ca97937ead52d9ff317a143299ee97a50", url = "https://github.com/golangci/golangci-lint/releases/download/v2.8.0/golangci-lint-2.8.0-linux-amd64.tar.gz"}
"platforms.macos-arm64" = { checksum = "sha256:6f8979a83117e0607d4b85ff486382ef0404440bbf54f0e6f003ceab6ccf641e", url = "https://github.com/golangci/golangci-lint/releases/download/v2.8.0/golangci-lint-2.8.0-darwin-arm64.tar.gz"}
"platforms.macos-x64" = { checksum = "sha256:164c72806d0e31ab19da4f08fff748a3fdc57e241851279b666c945ed9b91830", url = "https://github.com/golangci/golangci-lint/releases/download/v2.8.0/golangci-lint-2.8.0-darwin-amd64.tar.gz"}
"platforms.windows-x64" = { checksum = "sha256:22428168a9406f79853bf9a198b66e88ded9faa57cf85e5d225361f457f33513", url = "https://github.com/golangci/golangci-lint/releases/download/v2.8.0/golangci-lint-2.8.0-windows-amd64.zip"}

[[tools.jq]]
version = "1.8.1"
backend = "aqua:jqlang/jq"
"platforms.linux-arm64" = { checksum = "sha256:6bc62f25981328edd3cfcfe6fe51b073f2d7e7710d7ef7fcdac28d4e384fc3d4", url = "https://github.com/jqlang/jq/releases/download/jq-1.8.1/jq-linux-arm64"}
"platforms.linux-x64" = { checksum = "sha256:020468de7539ce70ef1bceaf7cde2e8c4f2ca6c3afb84642aabc5c97d9fc2a0d", url = "https://github.com/jqlang/jq/releases/download/jq-1.8.1/jq-linux-amd64"}
"platforms.macos-arm64" = { checksum = "sha256:a9fe3ea2f86dfc72f6728417521ec9067b343277152b114f4e98d8cb0e263603", url = "https://github.com/jqlang/jq/releases/download/jq-1.8.1/jq-macos-arm64"}
"platforms.macos-x64" = { checksum = "sha256:e80dbe0d2a2597e3c11c404f03337b981d74b4a8504b70586c354b7697a7c27f", url = "https://github.com/jqlang/jq/releases/download/jq-1.8.1/jq-macos-amd64"}
"platforms.windows-x64" = { checksum = "sha256:23cb60a1354eed6bcc8d9b9735e8c7b388cd1fdcb75726b93bc299ef22dd9334", url = "https://github.com/jqlang/jq/releases/download/jq-1.8.1/jq-windows-amd64.exe"}

[[tools.pre-commit]]
version = "4.5.1"
backend = "aqua:pre-commit/pre-commit"
"platforms.linux-arm64" = { checksum = "sha256:19d00ba35cbf9c04dc3736cd8bb641e8633f3eddd4cedde71809574ae68a2cd1", url = "https://github.com/pre-commit/pre-commit/releases/download/v4.5.1/pre-commit-4.5.1.pyz"}
"platforms.linux-x64" = { checksum = "sha256:19d00ba35cbf9c04dc3736cd8bb641e8633f3eddd4cedde71809574ae68a2cd1", url = "https://github.com/pre-commit/pre-commit/releases/download/v4.5.1/pre-commit-4.5.1.pyz"}
"platforms.macos-arm64" = { checksum = "sha256:19d00ba35cbf9c04dc3736cd8bb641e8633f3eddd4cedde71809574ae68a2cd1", url = "https://github.com/pre-commit/pre-commit/releases/download/v4.5.1/pre-commit-4.5.1.pyz"}
"platforms.macos-x64" = { checksum = "sha256:19d00ba35cbf9c04dc3736cd8bb641e8633f3eddd4cedde71809574ae68a2cd1", url = "https://github.com/pre-commit/pre-commit/releases/download/v4.5.1/pre-commit-4.5.1.pyz"}
"platforms.windows-x64" = { checksum = "sha256:19d00ba35cbf9c04dc3736cd8bb641e8633f3eddd4cedde71809574ae68a2cd1", url = "https://github.com/pre-commit/pre-commit/releases/download/v4.5.1/pre-commit-4.5.1.pyz"}

[[tools.python]]
version = "3.12.12"
backend = "core:python"

[[tools.rust]]
version = "1.89.0"
backend = "core:rust"

[[tools.sccache]]
version = "0.12.0"
backend = "aqua:mozilla/sccache"
"platforms.linux-x64" = { checksum = "sha256:b0e89ead6899224a4ba2b90e9073bf1ce036d95bab30f3dc33c1e1468bc4ad44", url = "https://github.com/mozilla/sccache/releases/download/v0.12.0/sccache-v0.12.0-x86_64-unknown-linux-musl.tar.gz"}
"platforms.macos-arm64" = { checksum = "sha256:4d5281f8760963347b29b9ca4ab1dbde99712c17329619fc9cecba1577ccc8d2", url = "https://github.com/mozilla/sccache/releases/download/v0.12.0/sccache-v0.12.0-aarch64-apple-darwin.tar.gz"}
"platforms.macos-x64" = { checksum = "sha256:398438425a0e25a40157984189fdaf2d2d0d1f3788cf06d49da2702a41e80c4b", url = "https://github.com/mozilla/sccache/releases/download/v0.12.0/sccache-v0.12.0-x86_64-apple-darwin.tar.gz"}
"platforms.windows-x64" = { checksum = "sha256:f430e63e3f47dd76d488fc6d14a97b4bb58e4fabb18aab69c43198a68e750b91", url = "https://github.com/mozilla/sccache/releases/download/v0.12.0/sccache-v0.12.0-x86_64-pc-windows-msvc.tar.gz"}

[[tools.uv]]
version = "0.9.24"
backend = "aqua:astral-sh/uv"
"platforms.linux-arm64" = { checksum = "sha256:b16359904ede857b90b68168f10b0f6bf500858df9bed4e7156dbc59fd3f0747", url = "https://github.com/astral-sh/uv/releases/download/0.9.24/uv-aarch64-unknown-linux-musl.tar.gz"}
"platforms.linux-x64" = { checksum = "sha256:cf307aa4271038daa334ca64e75aa40c0c085ce6fa0c0e6f21e41a2b62c7904d", url = "https://github.com/astral-sh/uv/releases/download/0.9.24/uv-x86_64-unknown-linux-musl.tar.gz"}
"platforms.macos-arm64" = { checksum = "sha256:89661d9a16682197086df54bb43d0b03e58e23d4d9360fc8c6c0166f2828fd71", url = "https://github.com/astral-sh/uv/releases/download/0.9.24/uv-aarch64-apple-darwin.tar.gz"}
"platforms.macos-x64" = { checksum = "sha256:fda9b3203cce6ec3a37177440c33c4c1963c4957fff17e2820c60ab6ccd625da", url = "https://github.com/astral-sh/uv/releases/download/0.9.24/uv-x86_64-apple-darwin.tar.gz"}
"platforms.windows-x64" = { checksum = "sha256:cf9d6fa12017199d19c6f9a8f7f55811c8c04d70681b8cb6d89ffb179f08cf1f", url = "https://github.com/astral-sh/uv/releases/download/0.9.24/uv-x86_64-pc-windows-msvc.zip"}
