{
  "lockfile_version": "1",
  "packages": {
    "copier@latest": {
      "last_modified": "2025-02-03T20:50:02Z",
      "resolved": "github:NixOS/nixpkgs/494b2407ef95997176211a8758638205916873a9#copier",
      "source": "devbox-search",
      "version": "9.4.1",
      "systems": {
        "aarch64-darwin": {
          "outputs": [
            {
              "name": "out",
              "path": "/nix/store/yzy367xiwvi73kmpcx27gcpsfax0c13j-copier-9.4.1",
              "default": true
            },
            {
              "name": "dist",
              "path": "/nix/store/hah6lvv6bd96w5his88yjn7y0pv5ak2p-copier-9.4.1-dist"
            }
          ],
          "store_path": "/nix/store/yzy367xiwvi73kmpcx27gcpsfax0c13j-copier-9.4.1"
        },
        "aarch64-linux": {
          "outputs": [
            {
              "name": "out",
              "path": "/nix/store/jimrvrcq22vwqzpprfg2fkzgq8jfkxy0-copier-9.4.1",
              "default": true
            },
            {
              "name": "dist",
              "path": "/nix/store/xhvhkkyx41f4s5hwyb64ic834mvdzsdd-copier-9.4.1-dist"
            }
          ],
          "store_path": "/nix/store/jimrvrcq22vwqzpprfg2fkzgq8jfkxy0-copier-9.4.1"
        },
        "x86_64-darwin": {
          "outputs": [
            {
              "name": "out",
              "path": "/nix/store/yxyrrqah4yzd8fv289mcmms8rlbsfgyh-copier-9.4.1",
              "default": true
            },
            {
              "name": "dist",
              "path": "/nix/store/zyfc2a04nh7n4yp4pz5xr7sk2na876fd-copier-9.4.1-dist"
            }
          ],
          "store_path": "/nix/store/yxyrrqah4yzd8fv289mcmms8rlbsfgyh-copier-9.4.1"
        },
        "x86_64-linux": {
          "outputs": [
            {
              "name": "out",
              "path": "/nix/store/nvgx23q73f8p36jh60n54mgjpi5xblai-copier-9.4.1",
              "default": true
            },
            {
              "name": "dist",
              "path": "/nix/store/42ydxc1xfs9pzriixxrnmdvxlx7fl5kd-copier-9.4.1-dist"
            }
          ],
          "store_path": "/nix/store/nvgx23q73f8p36jh60n54mgjpi5xblai-copier-9.4.1"
        }
      }
    },
    "mise@latest": {
      "last_modified": "2025-02-07T11:26:36Z",
      "resolved": "github:NixOS/nixpkgs/d98abf5cf5914e5e4e9d57205e3af55ca90ffc1d#mise",
      "source": "devbox-search",
      "version": "2025.2.0",
      "systems": {
        "aarch64-darwin": {
          "outputs": [
            {
              "name": "out",
              "path": "/nix/store/8fhc7i1i2k5r67v51yj3b78wgzm7qlba-mise-2025.2.0",
              "default": true
            }
          ],
          "store_path": "/nix/store/8fhc7i1i2k5r67v51yj3b78wgzm7qlba-mise-2025.2.0"
        },
        "aarch64-linux": {
          "outputs": [
            {
              "name": "out",
              "path": "/nix/store/kyvzkvgvaakp796xxk8mi61mbyfr5fiq-mise-2025.2.0",
              "default": true
            }
          ],
          "store_path": "/nix/store/kyvzkvgvaakp796xxk8mi61mbyfr5fiq-mise-2025.2.0"
        },
        "x86_64-darwin": {
          "outputs": [
            {
              "name": "out",
              "path": "/nix/store/5mp0bq3kfmpjyilbhbqjcalj6jk4r6y3-mise-2025.2.0",
              "default": true
            }
          ],
          "store_path": "/nix/store/5mp0bq3kfmpjyilbhbqjcalj6jk4r6y3-mise-2025.2.0"
        },
        "x86_64-linux": {
          "outputs": [
            {
              "name": "out",
              "path": "/nix/store/lln0ycm6yg5v6h1bz16ydgaqiyijg3vl-mise-2025.2.0",
              "default": true
            }
          ],
          "store_path": "/nix/store/lln0ycm6yg5v6h1bz16ydgaqiyijg3vl-mise-2025.2.0"
        }
      }
    }
  }
}
